
Microsoft Visual Studio Solution File, Format Version 12.00
# Visual Studio Version 17
VisualStudioVersion = 17.9.34728.123
MinimumVisualStudioVersion = 10.0.40219.1
Project("{FAE04EC0-301F-11D3-BF4B-00C04F79EFBC}") = "Coman_Bogdan_Lab2", "Coman_Bogdan_Lab2\Coman_Bogdan_Lab2.csproj", "{40B2C2B0-C354-4124-A21D-D99265EF483E}"
EndProject
Global
	GlobalSection(SolutionConfigurationPlatforms) = preSolution
		Debug|Any CPU = Debug|Any CPU
		Release|Any CPU = Release|Any CPU
	EndGlobalSection
	GlobalSection(ProjectConfigurationPlatforms) = postSolution
		{40B2C2B0-C354-4124-A21D-D99265EF483E}.Debug|Any CPU.ActiveCfg = Debug|Any CPU
		{40B2C2B0-C354-4124-A21D-D99265EF483E}.Debug|Any CPU.Build.0 = Debug|Any CPU
		{40B2C2B0-C354-4124-A21D-D99265EF483E}.Release|Any CPU.ActiveCfg = Release|Any CPU
		{40B2C2B0-C354-4124-A21D-D99265EF483E}.Release|Any CPU.Build.0 = Release|Any CPU
	EndGlobalSection
	GlobalSection(SolutionProperties) = preSolution
		HideSolutionNode = FALSE
	EndGlobalSection
	GlobalSection(ExtensibilityGlobals) = postSolution
		SolutionGuid = {57B83035-C649-4308-A8C4-2921C5484027}
	EndGlobalSection
EndGlobal
